
Microsoft Visual Studio Solution File, Format Version 12.00
# Visual Studio 2012
Project("{FAE04EC0-301F-11D3-BF4B-00C04F79EFBC}") = "HorizontalCurveFinder", "HorizontalCurveFinder\HorizontalCurveFinder.csproj", "{C798D14A-997D-4780-8235-CF21A57755C1}"
EndProject
Project("{FAE04EC0-301F-11D3-BF4B-00C04F79EFBC}") = "FormUI", "FormUI\FormUI.csproj", "{7CC91155-DB3F-427B-BE61-D5D77DA88FCC}"
EndProject
Project("{FAE04EC0-301F-11D3-BF4B-00C04F79EFBC}") = "ClassLib", "ClassLib\ClassLib.csproj", "{091887FC-1470-4931-AE25-7BA8CD08ACCD}"
EndProject
Project("{FAE04EC0-301F-11D3-BF4B-00C04F79EFBC}") = "UnitTestProject1", "UnitTestProject1\UnitTestProject1.csproj", "{CA48B877-6453-47D7-8185-68546C76A10E}"
EndProject
Project("{FAE04EC0-301F-11D3-BF4B-00C04F79EFBC}") = "CurveCommandLine", "CurveCommandLine\CurveCommandLine.csproj", "{0EA94511-894B-46BB-94FC-4BAD026B12EA}"
EndProject
Project("{FAE04EC0-301F-11D3-BF4B-00C04F79EFBC}") = "CopyOutputs", "CopyOutputs\CopyOutputs.csproj", "{F669896B-D17B-4999-BF91-517AA376D8B9}"
EndProject
Global
	GlobalSection(SolutionConfigurationPlatforms) = preSolution
		Debug|Any CPU = Debug|Any CPU
		Release|Any CPU = Release|Any CPU
	EndGlobalSection
	GlobalSection(ProjectConfigurationPlatforms) = postSolution
		{C798D14A-997D-4780-8235-CF21A57755C1}.Debug|Any CPU.ActiveCfg = Debug|Any CPU
		{C798D14A-997D-4780-8235-CF21A57755C1}.Debug|Any CPU.Build.0 = Debug|Any CPU
		{C798D14A-997D-4780-8235-CF21A57755C1}.Release|Any CPU.ActiveCfg = Release|Any CPU
		{C798D14A-997D-4780-8235-CF21A57755C1}.Release|Any CPU.Build.0 = Release|Any CPU
		{7CC91155-DB3F-427B-BE61-D5D77DA88FCC}.Debug|Any CPU.ActiveCfg = Debug|Any CPU
		{7CC91155-DB3F-427B-BE61-D5D77DA88FCC}.Debug|Any CPU.Build.0 = Debug|Any CPU
		{7CC91155-DB3F-427B-BE61-D5D77DA88FCC}.Release|Any CPU.ActiveCfg = Release|Any CPU
		{7CC91155-DB3F-427B-BE61-D5D77DA88FCC}.Release|Any CPU.Build.0 = Release|Any CPU
		{091887FC-1470-4931-AE25-7BA8CD08ACCD}.Debug|Any CPU.ActiveCfg = Debug|Any CPU
		{091887FC-1470-4931-AE25-7BA8CD08ACCD}.Debug|Any CPU.Build.0 = Debug|Any CPU
		{091887FC-1470-4931-AE25-7BA8CD08ACCD}.Release|Any CPU.ActiveCfg = Release|Any CPU
		{091887FC-1470-4931-AE25-7BA8CD08ACCD}.Release|Any CPU.Build.0 = Release|Any CPU
		{CA48B877-6453-47D7-8185-68546C76A10E}.Debug|Any CPU.ActiveCfg = Debug|Any CPU
		{CA48B877-6453-47D7-8185-68546C76A10E}.Debug|Any CPU.Build.0 = Debug|Any CPU
		{CA48B877-6453-47D7-8185-68546C76A10E}.Release|Any CPU.ActiveCfg = Release|Any CPU
		{CA48B877-6453-47D7-8185-68546C76A10E}.Release|Any CPU.Build.0 = Release|Any CPU
		{0EA94511-894B-46BB-94FC-4BAD026B12EA}.Debug|Any CPU.ActiveCfg = Debug|Any CPU
		{0EA94511-894B-46BB-94FC-4BAD026B12EA}.Debug|Any CPU.Build.0 = Debug|Any CPU
		{0EA94511-894B-46BB-94FC-4BAD026B12EA}.Release|Any CPU.ActiveCfg = Release|Any CPU
		{0EA94511-894B-46BB-94FC-4BAD026B12EA}.Release|Any CPU.Build.0 = Release|Any CPU
		{F669896B-D17B-4999-BF91-517AA376D8B9}.Debug|Any CPU.ActiveCfg = Debug|Any CPU
		{F669896B-D17B-4999-BF91-517AA376D8B9}.Debug|Any CPU.Build.0 = Debug|Any CPU
		{F669896B-D17B-4999-BF91-517AA376D8B9}.Release|Any CPU.ActiveCfg = Release|Any CPU
		{F669896B-D17B-4999-BF91-517AA376D8B9}.Release|Any CPU.Build.0 = Release|Any CPU
	EndGlobalSection
	GlobalSection(SolutionProperties) = preSolution
		HideSolutionNode = FALSE
	EndGlobalSection
EndGlobal
